
Microsoft Visual Studio Solution File, Format Version 12.00
# Visual Studio Version 17
VisualStudioVersion = 17.14.36511.14 d17.14
MinimumVisualStudioVersion = 10.0.40219.1
Project("{FAE04EC0-301F-11D3-BF4B-00C04F79EFBC}") = "wpldemo", "wpldemo\wpldemo.csproj", "{C0F69E28-7C13-4BEA-840D-988DB8C0E8C9}"
EndProject
Global
	GlobalSection(SolutionConfigurationPlatforms) = preSolution
		Debug|Any CPU = Debug|Any CPU
		Release|Any CPU = Release|Any CPU
	EndGlobalSection
	GlobalSection(ProjectConfigurationPlatforms) = postSolution
		{C0F69E28-7C13-4BEA-840D-988DB8C0E8C9}.Debug|Any CPU.ActiveCfg = Debug|Any CPU
		{C0F69E28-7C13-4BEA-840D-988DB8C0E8C9}.Debug|Any CPU.Build.0 = Debug|Any CPU
		{C0F69E28-7C13-4BEA-840D-988DB8C0E8C9}.Release|Any CPU.ActiveCfg = Release|Any CPU
		{C0F69E28-7C13-4BEA-840D-988DB8C0E8C9}.Release|Any CPU.Build.0 = Release|Any CPU
	EndGlobalSection
	GlobalSection(SolutionProperties) = preSolution
		HideSolutionNode = FALSE
	EndGlobalSection
	GlobalSection(ExtensibilityGlobals) = postSolution
		SolutionGuid = {8D7DED36-322C-4C97-A9FA-E502B5670016}
	EndGlobalSection
EndGlobal
