
Microsoft Visual Studio Solution File, Format Version 12.00
# Visual Studio Version 17
VisualStudioVersion = 17.14.36511.14 d17.14
MinimumVisualStudioVersion = 10.0.40219.1
Project("{FAE04EC0-301F-11D3-BF4B-00C04F79EFBC}") = "slotmachine", "slotmachine\slotmachine.csproj", "{42376807-06F9-4265-885A-B916270B8205}"
EndProject
Global
	GlobalSection(SolutionConfigurationPlatforms) = preSolution
		Debug|Any CPU = Debug|Any CPU
		Release|Any CPU = Release|Any CPU
	EndGlobalSection
	GlobalSection(ProjectConfigurationPlatforms) = postSolution
		{42376807-06F9-4265-885A-B916270B8205}.Debug|Any CPU.ActiveCfg = Debug|Any CPU
		{42376807-06F9-4265-885A-B916270B8205}.Debug|Any CPU.Build.0 = Debug|Any CPU
		{42376807-06F9-4265-885A-B916270B8205}.Release|Any CPU.ActiveCfg = Release|Any CPU
		{42376807-06F9-4265-885A-B916270B8205}.Release|Any CPU.Build.0 = Release|Any CPU
	EndGlobalSection
	GlobalSection(SolutionProperties) = preSolution
		HideSolutionNode = FALSE
	EndGlobalSection
	GlobalSection(ExtensibilityGlobals) = postSolution
		SolutionGuid = {7B4AEE9D-4DE4-4DA2-9230-79F148EC7416}
	EndGlobalSection
EndGlobal
